// !$*UTF8*$!
{
	archiveVersion = 1;
	classes = {
	};
	objectVersion = 46;
	objects = {

/* Begin PBXBuildFile section */
		8702DD831EF9C383000D1C2F /* AppDelegate.swift in Sources */ = {isa = PBXBuildFile; fileRef = 8702DD821EF9C383000D1C2F /* AppDelegate.swift */; };
		8702DD851EF9C383000D1C2F /* ViewController.swift in Sources */ = {isa = PBXBuildFile; fileRef = 8702DD841EF9C383000D1C2F /* ViewController.swift */; };
		8702DD881EF9C383000D1C2F /* Main.storyboard in Resources */ = {isa = PBXBuildFile; fileRef = 8702DD861EF9C383000D1C2F /* Main.storyboard */; };
		8702DD8A1EF9C383000D1C2F /* Assets.xcassets in Resources */ = {isa = PBXBuildFile; fileRef = 8702DD891EF9C383000D1C2F /* Assets.xcassets */; };
		8702DD8D1EF9C383000D1C2F /* LaunchScreen.storyboard in Resources */ = {isa = PBXBuildFile; fileRef = 8702DD8B1EF9C383000D1C2F /* LaunchScreen.storyboard */; };
		8702DD951EF9C5DE000D1C2F /* PlaceCell.swift in Sources */ = {isa = PBXBuildFile; fileRef = 8702DD941EF9C5DE000D1C2F /* PlaceCell.swift */; };
		8702DD991EF9C663000D1C2F /* PlaceDetailViewCell.swift in Sources */ = {isa = PBXBuildFile; fileRef = 8702DD961EF9C663000D1C2F /* PlaceDetailViewCell.swift */; };
		8702DD9A1EF9C663000D1C2F /* DetailViewController.swift in Sources */ = {isa = PBXBuildFile; fileRef = 8702DD971EF9C663000D1C2F /* DetailViewController.swift */; };
		8702DD9B1EF9C663000D1C2F /* ReviewViewController.swift in Sources */ = {isa = PBXBuildFile; fileRef = 8702DD981EF9C663000D1C2F /* ReviewViewController.swift */; };
		8702DD9D1EF9C690000D1C2F /* Place.swift in Sources */ = {isa = PBXBuildFile; fileRef = 8702DD9C1EF9C690000D1C2F /* Place.swift */; };
		8702DDA01EFAC261000D1C2F /* MapKit.framework in Frameworks */ = {isa = PBXBuildFile; fileRef = 8702DD9F1EFAC261000D1C2F /* MapKit.framework */; };
		8702DDA21EFAC3BC000D1C2F /* MapViewController.swift in Sources */ = {isa = PBXBuildFile; fileRef = 8702DDA11EFAC3BC000D1C2F /* MapViewController.swift */; };
		878525F81F01A6E10095B62B /* AddPlaceTableViewController.swift in Sources */ = {isa = PBXBuildFile; fileRef = 878525F71F01A6E10095B62B /* AddPlaceTableViewController.swift */; };
		87BE77FF1F71651A002EF9BC /* WebViewVC.swift in Sources */ = {isa = PBXBuildFile; fileRef = 87BE77FE1F71651A002EF9BC /* WebViewVC.swift */; };
		87C9B0231F68314900F29FE8 /* AboutUs.storyboard in Resources */ = {isa = PBXBuildFile; fileRef = 87C9B0221F68314900F29FE8 /* AboutUs.storyboard */; };
		87C9B0261F68317D00F29FE8 /* Discover.storyboard in Resources */ = {isa = PBXBuildFile; fileRef = 87C9B0241F68317D00F29FE8 /* Discover.storyboard */; };
		87C9B0281F68365C00F29FE8 /* AboutUsTVC.swift in Sources */ = {isa = PBXBuildFile; fileRef = 87C9B0271F68365C00F29FE8 /* AboutUsTVC.swift */; };
		87C9B02A1F690AB300F29FE8 /* AboutUS.swift in Sources */ = {isa = PBXBuildFile; fileRef = 87C9B0291F690AB300F29FE8 /* AboutUS.swift */; };
/* End PBXBuildFile section */

/* Begin PBXFileReference section */
		8702DD7F1EF9C383000D1C2F /* CornellaApp.app */ = {isa = PBXFileReference; explicitFileType = wrapper.application; includeInIndex = 0; path = CornellaApp.app; sourceTree = BUILT_PRODUCTS_DIR; };
		8702DD821EF9C383000D1C2F /* AppDelegate.swift */ = {isa = PBXFileReference; lastKnownFileType = sourcecode.swift; path = AppDelegate.swift; sourceTree = "<group>"; };
		8702DD841EF9C383000D1C2F /* ViewController.swift */ = {isa = PBXFileReference; lastKnownFileType = sourcecode.swift; path = ViewController.swift; sourceTree = "<group>"; };
		8702DD871EF9C383000D1C2F /* Base */ = {isa = PBXFileReference; lastKnownFileType = file.storyboard; name = Base; path = Base.lproj/Main.storyboard; sourceTree = "<group>"; };
		8702DD891EF9C383000D1C2F /* Assets.xcassets */ = {isa = PBXFileReference; lastKnownFileType = folder.assetcatalog; path = Assets.xcassets; sourceTree = "<group>"; };
		8702DD8C1EF9C383000D1C2F /* Base */ = {isa = PBXFileReference; lastKnownFileType = file.storyboard; name = Base; path = Base.lproj/LaunchScreen.storyboard; sourceTree = "<group>"; };
		8702DD8E1EF9C383000D1C2F /* Info.plist */ = {isa = PBXFileReference; lastKnownFileType = text.plist.xml; path = Info.plist; sourceTree = "<group>"; };
		8702DD941EF9C5DE000D1C2F /* PlaceCell.swift */ = {isa = PBXFileReference; fileEncoding = 4; lastKnownFileType = sourcecode.swift; path = PlaceCell.swift; sourceTree = "<group>"; };
		8702DD961EF9C663000D1C2F /* PlaceDetailViewCell.swift */ = {isa = PBXFileReference; fileEncoding = 4; lastKnownFileType = sourcecode.swift; path = PlaceDetailViewCell.swift; sourceTree = "<group>"; };
		8702DD971EF9C663000D1C2F /* DetailViewController.swift */ = {isa = PBXFileReference; fileEncoding = 4; lastKnownFileType = sourcecode.swift; path = DetailViewController.swift; sourceTree = "<group>"; };
		8702DD981EF9C663000D1C2F /* ReviewViewController.swift */ = {isa = PBXFileReference; fileEncoding = 4; lastKnownFileType = sourcecode.swift; path = ReviewViewController.swift; sourceTree = "<group>"; };
		8702DD9C1EF9C690000D1C2F /* Place.swift */ = {isa = PBXFileReference; fileEncoding = 4; lastKnownFileType = sourcecode.swift; name = Place.swift; path = ../Place.swift; sourceTree = "<group>"; };
		8702DD9F1EFAC261000D1C2F /* MapKit.framework */ = {isa = PBXFileReference; lastKnownFileType = wrapper.framework; name = MapKit.framework; path = System/Library/Frameworks/MapKit.framework; sourceTree = SDKROOT; };
		8702DDA11EFAC3BC000D1C2F /* MapViewController.swift */ = {isa = PBXFileReference; fileEncoding = 4; lastKnownFileType = sourcecode.swift; path = MapViewController.swift; sourceTree = "<group>"; };
		8702DDA31EFB22B6000D1C2F /* CornellaApp.entitlements */ = {isa = PBXFileReference; lastKnownFileType = text.plist.entitlements; path = CornellaApp.entitlements; sourceTree = "<group>"; };
		878525F71F01A6E10095B62B /* AddPlaceTableViewController.swift */ = {isa = PBXFileReference; fileEncoding = 4; lastKnownFileType = sourcecode.swift; path = AddPlaceTableViewController.swift; sourceTree = "<group>"; };
		87BE77FE1F71651A002EF9BC /* WebViewVC.swift */ = {isa = PBXFileReference; fileEncoding = 4; lastKnownFileType = sourcecode.swift; name = WebViewVC.swift; path = ../WebViewVC.swift; sourceTree = "<group>"; };
		87C9B0221F68314900F29FE8 /* AboutUs.storyboard */ = {isa = PBXFileReference; fileEncoding = 4; lastKnownFileType = file.storyboard; path = AboutUs.storyboard; sourceTree = "<group>"; };
		87C9B0251F68317D00F29FE8 /* Base */ = {isa = PBXFileReference; lastKnownFileType = file.storyboard; name = Base; path = Base.lproj/Discover.storyboard; sourceTree = "<group>"; };
		87C9B0271F68365C00F29FE8 /* AboutUsTVC.swift */ = {isa = PBXFileReference; fileEncoding = 4; lastKnownFileType = sourcecode.swift; path = AboutUsTVC.swift; sourceTree = "<group>"; };
		87C9B0291F690AB300F29FE8 /* AboutUS.swift */ = {isa = PBXFileReference; fileEncoding = 4; lastKnownFileType = sourcecode.swift; path = AboutUS.swift; sourceTree = "<group>"; };
/* End PBXFileReference section */

/* Begin PBXFrameworksBuildPhase section */
		8702DD7C1EF9C383000D1C2F /* Frameworks */ = {
			isa = PBXFrameworksBuildPhase;
			buildActionMask = 2147483647;
			files = (
				8702DDA01EFAC261000D1C2F /* MapKit.framework in Frameworks */,
			);
			runOnlyForDeploymentPostprocessing = 0;
		};
/* End PBXFrameworksBuildPhase section */

/* Begin PBXGroup section */
		8702DD761EF9C383000D1C2F = {
			isa = PBXGroup;
			children = (
				8702DD811EF9C383000D1C2F /* CornellaApp */,
				8702DD801EF9C383000D1C2F /* Products */,
				8702DD9E1EFAC261000D1C2F /* Frameworks */,
			);
			sourceTree = "<group>";
		};
		8702DD801EF9C383000D1C2F /* Products */ = {
			isa = PBXGroup;
			children = (
				8702DD7F1EF9C383000D1C2F /* CornellaApp.app */,
			);
			name = Products;
			sourceTree = "<group>";
		};
		8702DD811EF9C383000D1C2F /* CornellaApp */ = {
			isa = PBXGroup;
			children = (
				87A5CC3B1F626B0300C13DC7 /* Model */,
				87A5CC3C1F626B1F00C13DC7 /* Controller */,
				87A5CC3D1F626B2E00C13DC7 /* View */,
				8702DD891EF9C383000D1C2F /* Assets.xcassets */,
				8702DD8B1EF9C383000D1C2F /* LaunchScreen.storyboard */,
				8702DD8E1EF9C383000D1C2F /* Info.plist */,
			);
			path = CornellaApp;
			sourceTree = "<group>";
		};
		8702DD9E1EFAC261000D1C2F /* Frameworks */ = {
			isa = PBXGroup;
			children = (
				8702DD9F1EFAC261000D1C2F /* MapKit.framework */,
			);
			name = Frameworks;
			sourceTree = "<group>";
		};
		87A5CC3B1F626B0300C13DC7 /* Model */ = {
			isa = PBXGroup;
			children = (
				8702DD9C1EF9C690000D1C2F /* Place.swift */,
				8702DDA31EFB22B6000D1C2F /* CornellaApp.entitlements */,
				87C9B0291F690AB300F29FE8 /* AboutUS.swift */,
			);
			name = Model;
			sourceTree = "<group>";
		};
		87A5CC3C1F626B1F00C13DC7 /* Controller */ = {
			isa = PBXGroup;
			children = (
				87BE77FE1F71651A002EF9BC /* WebViewVC.swift */,
				8702DD821EF9C383000D1C2F /* AppDelegate.swift */,
				878525F71F01A6E10095B62B /* AddPlaceTableViewController.swift */,
				8702DD961EF9C663000D1C2F /* PlaceDetailViewCell.swift */,
				8702DD971EF9C663000D1C2F /* DetailViewController.swift */,
				8702DD981EF9C663000D1C2F /* ReviewViewController.swift */,
				8702DD841EF9C383000D1C2F /* ViewController.swift */,
				8702DDA11EFAC3BC000D1C2F /* MapViewController.swift */,
				87C9B0271F68365C00F29FE8 /* AboutUsTVC.swift */,
			);
			name = Controller;
			sourceTree = "<group>";
		};
		87A5CC3D1F626B2E00C13DC7 /* View */ = {
			isa = PBXGroup;
			children = (
				8702DD941EF9C5DE000D1C2F /* PlaceCell.swift */,
				8702DD861EF9C383000D1C2F /* Main.storyboard */,
				87C9B0241F68317D00F29FE8 /* Discover.storyboard */,
				87C9B0221F68314900F29FE8 /* AboutUs.storyboard */,
			);
			name = View;
			sourceTree = "<group>";
		};
/* End PBXGroup section */

/* Begin PBXNativeTarget section */
		8702DD7E1EF9C383000D1C2F /* CornellaApp */ = {
			isa = PBXNativeTarget;
			buildConfigurationList = 8702DD911EF9C383000D1C2F /* Build configuration list for PBXNativeTarget "CornellaApp" */;
			buildPhases = (
				8702DD7B1EF9C383000D1C2F /* Sources */,
				8702DD7C1EF9C383000D1C2F /* Frameworks */,
				8702DD7D1EF9C383000D1C2F /* Resources */,
			);
			buildRules = (
			);
			dependencies = (
			);
			name = CornellaApp;
			productName = CornellaApp;
			productReference = 8702DD7F1EF9C383000D1C2F /* CornellaApp.app */;
			productType = "com.apple.product-type.application";
		};
/* End PBXNativeTarget section */

/* Begin PBXProject section */
		8702DD771EF9C383000D1C2F /* Project object */ = {
			isa = PBXProject;
			attributes = {
				LastSwiftUpdateCheck = 0830;
				LastUpgradeCheck = 0830;
				ORGANIZATIONNAME = "Juan Morillo";
				TargetAttributes = {
					8702DD7E1EF9C383000D1C2F = {
						CreatedOnToolsVersion = 8.3.3;
						DevelopmentTeam = 6ZJQ583HU9;
						ProvisioningStyle = Automatic;
						SystemCapabilities = {
							com.apple.Maps.iOS = {
								enabled = 1;
							};
							com.apple.Siri = {
								enabled = 0;
							};
						};
					};
				};
			};
			buildConfigurationList = 8702DD7A1EF9C383000D1C2F /* Build configuration list for PBXProject "CornellaApp" */;
			compatibilityVersion = "Xcode 3.2";
			developmentRegion = English;
			hasScannedForEncodings = 0;
			knownRegions = (
				en,
				Base,
			);
			mainGroup = 8702DD761EF9C383000D1C2F;
			productRefGroup = 8702DD801EF9C383000D1C2F /* Products */;
			projectDirPath = "";
			projectRoot = "";
			targets = (
				8702DD7E1EF9C383000D1C2F /* CornellaApp */,
			);
		};
/* End PBXProject section */

/* Begin PBXResourcesBuildPhase section */
		8702DD7D1EF9C383000D1C2F /* Resources */ = {
			isa = PBXResourcesBuildPhase;
			buildActionMask = 2147483647;
			files = (
				87C9B0231F68314900F29FE8 /* AboutUs.storyboard in Resources */,
				8702DD8D1EF9C383000D1C2F /* LaunchScreen.storyboard in Resources */,
				87C9B0261F68317D00F29FE8 /* Discover.storyboard in Resources */,
				8702DD8A1EF9C383000D1C2F /* Assets.xcassets in Resources */,
				8702DD881EF9C383000D1C2F /* Main.storyboard in Resources */,
			);
			runOnlyForDeploymentPostprocessing = 0;
		};
/* End PBXResourcesBuildPhase section */

/* Begin PBXSourcesBuildPhase section */
		8702DD7B1EF9C383000D1C2F /* Sources */ = {
			isa = PBXSourcesBuildPhase;
			buildActionMask = 2147483647;
			files = (
				8702DD951EF9C5DE000D1C2F /* PlaceCell.swift in Sources */,
				87C9B0281F68365C00F29FE8 /* AboutUsTVC.swift in Sources */,
				87C9B02A1F690AB300F29FE8 /* AboutUS.swift in Sources */,
				8702DD851EF9C383000D1C2F /* ViewController.swift in Sources */,
				8702DD9B1EF9C663000D1C2F /* ReviewViewController.swift in Sources */,
				8702DD9A1EF9C663000D1C2F /* DetailViewController.swift in Sources */,
				8702DD831EF9C383000D1C2F /* AppDelegate.swift in Sources */,
				878525F81F01A6E10095B62B /* AddPlaceTableViewController.swift in Sources */,
				87BE77FF1F71651A002EF9BC /* WebViewVC.swift in Sources */,
				8702DD9D1EF9C690000D1C2F /* Place.swift in Sources */,
				8702DD991EF9C663000D1C2F /* PlaceDetailViewCell.swift in Sources */,
				8702DDA21EFAC3BC000D1C2F /* MapViewController.swift in Sources */,
			);
			runOnlyForDeploymentPostprocessing = 0;
		};
/* End PBXSourcesBuildPhase section */

/* Begin PBXVariantGroup section */
		8702DD861EF9C383000D1C2F /* Main.storyboard */ = {
			isa = PBXVariantGroup;
			children = (
				8702DD871EF9C383000D1C2F /* Base */,
			);
			name = Main.storyboard;
			sourceTree = "<group>";
		};
		8702DD8B1EF9C383000D1C2F /* LaunchScreen.storyboard */ = {
			isa = PBXVariantGroup;
			children = (
				8702DD8C1EF9C383000D1C2F /* Base */,
			);
			name = LaunchScreen.storyboard;
			sourceTree = "<group>";
		};
		87C9B0241F68317D00F29FE8 /* Discover.storyboard */ = {
			isa = PBXVariantGroup;
			children = (
				87C9B0251F68317D00F29FE8 /* Base */,
			);
			name = Discover.storyboard;
			sourceTree = "<group>";
		};
/* End PBXVariantGroup section */

/* Begin XCBuildConfiguration section */
		8702DD8F1EF9C383000D1C2F /* Debug */ = {
			isa = XCBuildConfiguration;
			buildSettings = {
				ALWAYS_SEARCH_USER_PATHS = NO;
				CLANG_ANALYZER_NONNULL = YES;
				CLANG_ANALYZER_NUMBER_OBJECT_CONVERSION = YES_AGGRESSIVE;
				CLANG_CXX_LANGUAGE_STANDARD = "gnu++0x";
				CLANG_CXX_LIBRARY = "libc++";
				CLANG_ENABLE_MODULES = YES;
				CLANG_ENABLE_OBJC_ARC = YES;
				CLANG_WARN_BOOL_CONVERSION = YES;
				CLANG_WARN_CONSTANT_CONVERSION = YES;
				CLANG_WARN_DIRECT_OBJC_ISA_USAGE = YES_ERROR;
				CLANG_WARN_DOCUMENTATION_COMMENTS = YES;
				CLANG_WARN_EMPTY_BODY = YES;
				CLANG_WARN_ENUM_CONVERSION = YES;
				CLANG_WARN_INFINITE_RECURSION = YES;
				CLANG_WARN_INT_CONVERSION = YES;
				CLANG_WARN_OBJC_ROOT_CLASS = YES_ERROR;
				CLANG_WARN_SUSPICIOUS_MOVE = YES;
				CLANG_WARN_UNREACHABLE_CODE = YES;
				CLANG_WARN__DUPLICATE_METHOD_MATCH = YES;
				"CODE_SIGN_IDENTITY[sdk=iphoneos*]" = "iPhone Developer";
				COPY_PHASE_STRIP = NO;
				DEBUG_INFORMATION_FORMAT = dwarf;
				ENABLE_STRICT_OBJC_MSGSEND = YES;
				ENABLE_TESTABILITY = YES;
				GCC_C_LANGUAGE_STANDARD = gnu99;
				GCC_DYNAMIC_NO_PIC = NO;
				GCC_NO_COMMON_BLOCKS = YES;
				GCC_OPTIMIZATION_LEVEL = 0;
				GCC_PREPROCESSOR_DEFINITIONS = (
					"DEBUG=1",
					"$(inherited)",
				);
				GCC_WARN_64_TO_32_BIT_CONVERSION = YES;
				GCC_WARN_ABOUT_RETURN_TYPE = YES_ERROR;
				GCC_WARN_UNDECLARED_SELECTOR = YES;
				GCC_WARN_UNINITIALIZED_AUTOS = YES_AGGRESSIVE;
				GCC_WARN_UNUSED_FUNCTION = YES;
				GCC_WARN_UNUSED_VARIABLE = YES;
				IPHONEOS_DEPLOYMENT_TARGET = 10.3;
				MTL_ENABLE_DEBUG_INFO = YES;
				ONLY_ACTIVE_ARCH = YES;
				SDKROOT = iphoneos;
				SWIFT_ACTIVE_COMPILATION_CONDITIONS = DEBUG;
				SWIFT_OPTIMIZATION_LEVEL = "-Onone";
				TARGETED_DEVICE_FAMILY = "1,2";
			};
			name = Debug;
		};
		8702DD901EF9C383000D1C2F /* Release */ = {
			isa = XCBuildConfiguration;
			buildSettings = {
				ALWAYS_SEARCH_USER_PATHS = NO;
				CLANG_ANALYZER_NONNULL = YES;
				CLANG_ANALYZER_NUMBER_OBJECT_CONVERSION = YES_AGGRESSIVE;
				CLANG_CXX_LANGUAGE_STANDARD = "gnu++0x";
				CLANG_CXX_LIBRARY = "libc++";
				CLANG_ENABLE_MODULES = YES;
				CLANG_ENABLE_OBJC_ARC = YES;
				CLANG_WARN_BOOL_CONVERSION = YES;
				CLANG_WARN_CONSTANT_CONVERSION = YES;
				CLANG_WARN_DIRECT_OBJC_ISA_USAGE = YES_ERROR;
				CLANG_WARN_DOCUMENTATION_COMMENTS = YES;
				CLANG_WARN_EMPTY_BODY = YES;
				CLANG_WARN_ENUM_CONVERSION = YES;
				CLANG_WARN_INFINITE_RECURSION = YES;
				CLANG_WARN_INT_CONVERSION = YES;
				CLANG_WARN_OBJC_ROOT_CLASS = YES_ERROR;
				CLANG_WARN_SUSPICIOUS_MOVE = YES;
				CLANG_WARN_UNREACHABLE_CODE = YES;
				CLANG_WARN__DUPLICATE_METHOD_MATCH = YES;
				"CODE_SIGN_IDENTITY[sdk=iphoneos*]" = "iPhone Developer";
				COPY_PHASE_STRIP = NO;
				DEBUG_INFORMATION_FORMAT = "dwarf-with-dsym";
				ENABLE_NS_ASSERTIONS = NO;
				ENABLE_STRICT_OBJC_MSGSEND = YES;
				GCC_C_LANGUAGE_STANDARD = gnu99;
				GCC_NO_COMMON_BLOCKS = YES;
				GCC_WARN_64_TO_32_BIT_CONVERSION = YES;
				GCC_WARN_ABOUT_RETURN_TYPE = YES_ERROR;
				GCC_WARN_UNDECLARED_SELECTOR = YES;
				GCC_WARN_UNINITIALIZED_AUTOS = YES_AGGRESSIVE;
				GCC_WARN_UNUSED_FUNCTION = YES;
				GCC_WARN_UNUSED_VARIABLE = YES;
				IPHONEOS_DEPLOYMENT_TARGET = 10.3;
				MTL_ENABLE_DEBUG_INFO = NO;
				SDKROOT = iphoneos;
				SWIFT_OPTIMIZATION_LEVEL = "-Owholemodule";
				TARGETED_DEVICE_FAMILY = "1,2";
				VALIDATE_PRODUCT = YES;
			};
			name = Release;
		};
		8702DD921EF9C383000D1C2F /* Debug */ = {
			isa = XCBuildConfiguration;
			buildSettings = {
				ASSETCATALOG_COMPILER_APPICON_NAME = AppIcon;
				DEVELOPMENT_TEAM = 6ZJQ583HU9;
				INFOPLIST_FILE = CornellaApp/Info.plist;
				LD_RUNPATH_SEARCH_PATHS = "$(inherited) @executable_path/Frameworks";
				PRODUCT_BUNDLE_IDENTIFIER = com.juanmorillios.CornellaApp;
				PRODUCT_NAME = "$(TARGET_NAME)";
				SWIFT_VERSION = 3.0;
			};
			name = Debug;
		};
		8702DD931EF9C383000D1C2F /* Release */ = {
			isa = XCBuildConfiguration;
			buildSettings = {
				ASSETCATALOG_COMPILER_APPICON_NAME = AppIcon;
				DEVELOPMENT_TEAM = 6ZJQ583HU9;
				INFOPLIST_FILE = CornellaApp/Info.plist;
				LD_RUNPATH_SEARCH_PATHS = "$(inherited) @executable_path/Frameworks";
				PRODUCT_BUNDLE_IDENTIFIER = com.juanmorillios.CornellaApp;
				PRODUCT_NAME = "$(TARGET_NAME)";
				SWIFT_VERSION = 3.0;
			};
			name = Release;
		};
/* End XCBuildConfiguration section */

/* Begin XCConfigurationList section */
		8702DD7A1EF9C383000D1C2F /* Build configuration list for PBXProject "CornellaApp" */ = {
			isa = XCConfigurationList;
			buildConfigurations = (
				8702DD8F1EF9C383000D1C2F /* Debug */,
				8702DD901EF9C383000D1C2F /* Release */,
			);
			defaultConfigurationIsVisible = 0;
			defaultConfigurationName = Release;
		};
		8702DD911EF9C383000D1C2F /* Build configuration list for PBXNativeTarget "CornellaApp" */ = {
			isa = XCConfigurationList;
			buildConfigurations = (
				8702DD921EF9C383000D1C2F /* Debug */,
				8702DD931EF9C383000D1C2F /* Release */,
			);
			defaultConfigurationIsVisible = 0;
			defaultConfigurationName = Release;
		};
/* End XCConfigurationList section */
	};
	rootObject = 8702DD771EF9C383000D1C2F /* Project object */;
}
